
Microsoft Visual Studio Solution File, Format Version 12.00
# Visual Studio 15
VisualStudioVersion = 15.0.26228.4
MinimumVisualStudioVersion = 10.0.40219.1
Project("{FAE04EC0-301F-11D3-BF4B-00C04F79EFBC}") = "API", "API\API.csproj", "{18B2A8B7-01AB-4B5B-8285-EEABBEC42FE3}"
EndProject
Project("{FAE04EC0-301F-11D3-BF4B-00C04F79EFBC}") = "Core", "Core\Core.csproj", "{30170B24-8A30-4E0E-BF98-628D6D447CD8}"
EndProject
Project("{FAE04EC0-301F-11D3-BF4B-00C04F79EFBC}") = "Web", "Web\Web.csproj", "{BC8135DE-9789-4790-856F-99B4A0D325AD}"
EndProject
Global
	GlobalSection(SolutionConfigurationPlatforms) = preSolution
		Debug|Any CPU = Debug|Any CPU
		Release|Any CPU = Release|Any CPU
	EndGlobalSection
	GlobalSection(ProjectConfigurationPlatforms) = postSolution
		{18B2A8B7-01AB-4B5B-8285-EEABBEC42FE3}.Debug|Any CPU.ActiveCfg = Debug|Any CPU
		{18B2A8B7-01AB-4B5B-8285-EEABBEC42FE3}.Debug|Any CPU.Build.0 = Debug|Any CPU
		{18B2A8B7-01AB-4B5B-8285-EEABBEC42FE3}.Release|Any CPU.ActiveCfg = Release|Any CPU
		{18B2A8B7-01AB-4B5B-8285-EEABBEC42FE3}.Release|Any CPU.Build.0 = Release|Any CPU
		{30170B24-8A30-4E0E-BF98-628D6D447CD8}.Debug|Any CPU.ActiveCfg = Debug|Any CPU
		{30170B24-8A30-4E0E-BF98-628D6D447CD8}.Debug|Any CPU.Build.0 = Debug|Any CPU
		{30170B24-8A30-4E0E-BF98-628D6D447CD8}.Release|Any CPU.ActiveCfg = Release|Any CPU
		{30170B24-8A30-4E0E-BF98-628D6D447CD8}.Release|Any CPU.Build.0 = Release|Any CPU
		{BC8135DE-9789-4790-856F-99B4A0D325AD}.Debug|Any CPU.ActiveCfg = Debug|Any CPU
		{BC8135DE-9789-4790-856F-99B4A0D325AD}.Debug|Any CPU.Build.0 = Debug|Any CPU
		{BC8135DE-9789-4790-856F-99B4A0D325AD}.Release|Any CPU.ActiveCfg = Release|Any CPU
		{BC8135DE-9789-4790-856F-99B4A0D325AD}.Release|Any CPU.Build.0 = Release|Any CPU
	EndGlobalSection
	GlobalSection(SolutionProperties) = preSolution
		HideSolutionNode = FALSE
	EndGlobalSection
EndGlobal
